
Microsoft Visual Studio Solution File, Format Version 12.00
# Visual Studio 2013
VisualStudioVersion = 12.0.30626.0
MinimumVisualStudioVersion = 10.0.40219.1
Project("{FAE04EC0-301F-11D3-BF4B-00C04F79EFBC}") = "InfoNews.Models", "InfoNews.Models\InfoNews.Models.csproj", "{70A4182D-963F-4A9B-8F8B-A093749F9D11}"
EndProject
Project("{FAE04EC0-301F-11D3-BF4B-00C04F79EFBC}") = "InfoNews.Validation", "InfoNews.Validation\InfoNews.Validation.csproj", "{88E09FEA-E650-414A-9EE7-ABB751D5084A}"
EndProject
Project("{FAE04EC0-301F-11D3-BF4B-00C04F79EFBC}") = "InfoNews.Utilities", "InfoNews.Utilities\InfoNews.Utilities.csproj", "{2AD18F68-6158-4A00-92E2-69CEFE52CF3C}"
EndProject
Project("{FAE04EC0-301F-11D3-BF4B-00C04F79EFBC}") = "InfoNews.DataRepository", "InfoNews.DataRepository\InfoNews.DataRepository.csproj", "{7C78F684-5042-4480-B213-1EEE4DCDBC09}"
EndProject
Project("{FAE04EC0-301F-11D3-BF4B-00C04F79EFBC}") = "InfoNews.Services", "InfoNews.Services\InfoNews.Services.csproj", "{9DB33D4C-FB07-455B-84CA-6931C5060CCE}"
EndProject
Project("{FAE04EC0-301F-11D3-BF4B-00C04F79EFBC}") = "InfoNews.Contracts", "InfoNews.Contracts\InfoNews.Contracts.csproj", "{C0BDD762-2DB4-4C86-AE96-E052981568F1}"
EndProject
Project("{FAE04EC0-301F-11D3-BF4B-00C04F79EFBC}") = "InfoNews.CommonTest", "InfoNews.CommonTest\InfoNews.CommonTest.csproj", "{0AEEBA20-70F9-4F8E-80FB-7C0E85B88243}"
EndProject
Project("{FAE04EC0-301F-11D3-BF4B-00C04F79EFBC}") = "InfoNews.Robot", "InfoNews.Robot\InfoNews.Robot.csproj", "{81115AFE-4A39-49A5-A060-16327310E43F}"
EndProject
Project("{2150E333-8FDC-42A3-9474-1A3956D46DE8}") = "InfoNews.UI", "InfoNews.UI", "{CEF08EFD-B78D-4498-816E-75D6BCEB2BCD}"
EndProject
Project("{2150E333-8FDC-42A3-9474-1A3956D46DE8}") = "InfoNews.Tests", "InfoNews.Tests", "{3F4E940D-F240-4CB2-B666-A2307745EAB8}"
EndProject
Project("{2150E333-8FDC-42A3-9474-1A3956D46DE8}") = "InfoNews.Service", "InfoNews.Service", "{C7E596D3-94B7-4DF8-B41D-DFF1CBBC1EBD}"
EndProject
Project("{2150E333-8FDC-42A3-9474-1A3956D46DE8}") = "InfoNews.Core", "InfoNews.Core", "{8A08A272-C5CC-4E63-9D07-39B40A741EC8}"
EndProject
Project("{FAE04EC0-301F-11D3-BF4B-00C04F79EFBC}") = "InfoNews.Web", "InfoNews.Web\InfoNews.Web.csproj", "{8B37ED7D-280C-4ADD-8F2C-BBCDF3DE710E}"
EndProject
Project("{FAE04EC0-301F-11D3-BF4B-00C04F79EFBC}") = "InfoNews.Web.Tests", "InfoNews.Web.Tests\InfoNews.Web.Tests.csproj", "{F1E7252E-5DD4-40A6-9111-F4E8CE5D659E}"
EndProject
Project("{2150E333-8FDC-42A3-9474-1A3956D46DE8}") = "Robots", "Robots", "{EC4AD368-0640-469C-87E2-8A1F6D04183F}"
EndProject
Global
	GlobalSection(SolutionConfigurationPlatforms) = preSolution
		Debug|Any CPU = Debug|Any CPU
		Release|Any CPU = Release|Any CPU
	EndGlobalSection
	GlobalSection(ProjectConfigurationPlatforms) = postSolution
		{70A4182D-963F-4A9B-8F8B-A093749F9D11}.Debug|Any CPU.ActiveCfg = Debug|Any CPU
		{70A4182D-963F-4A9B-8F8B-A093749F9D11}.Debug|Any CPU.Build.0 = Debug|Any CPU
		{70A4182D-963F-4A9B-8F8B-A093749F9D11}.Release|Any CPU.ActiveCfg = Release|Any CPU
		{70A4182D-963F-4A9B-8F8B-A093749F9D11}.Release|Any CPU.Build.0 = Release|Any CPU
		{88E09FEA-E650-414A-9EE7-ABB751D5084A}.Debug|Any CPU.ActiveCfg = Debug|Any CPU
		{88E09FEA-E650-414A-9EE7-ABB751D5084A}.Debug|Any CPU.Build.0 = Debug|Any CPU
		{88E09FEA-E650-414A-9EE7-ABB751D5084A}.Release|Any CPU.ActiveCfg = Release|Any CPU
		{88E09FEA-E650-414A-9EE7-ABB751D5084A}.Release|Any CPU.Build.0 = Release|Any CPU
		{2AD18F68-6158-4A00-92E2-69CEFE52CF3C}.Debug|Any CPU.ActiveCfg = Debug|Any CPU
		{2AD18F68-6158-4A00-92E2-69CEFE52CF3C}.Debug|Any CPU.Build.0 = Debug|Any CPU
		{2AD18F68-6158-4A00-92E2-69CEFE52CF3C}.Release|Any CPU.ActiveCfg = Release|Any CPU
		{2AD18F68-6158-4A00-92E2-69CEFE52CF3C}.Release|Any CPU.Build.0 = Release|Any CPU
		{7C78F684-5042-4480-B213-1EEE4DCDBC09}.Debug|Any CPU.ActiveCfg = Debug|Any CPU
		{7C78F684-5042-4480-B213-1EEE4DCDBC09}.Debug|Any CPU.Build.0 = Debug|Any CPU
		{7C78F684-5042-4480-B213-1EEE4DCDBC09}.Release|Any CPU.ActiveCfg = Release|Any CPU
		{7C78F684-5042-4480-B213-1EEE4DCDBC09}.Release|Any CPU.Build.0 = Release|Any CPU
		{9DB33D4C-FB07-455B-84CA-6931C5060CCE}.Debug|Any CPU.ActiveCfg = Debug|Any CPU
		{9DB33D4C-FB07-455B-84CA-6931C5060CCE}.Debug|Any CPU.Build.0 = Debug|Any CPU
		{9DB33D4C-FB07-455B-84CA-6931C5060CCE}.Release|Any CPU.ActiveCfg = Release|Any CPU
		{9DB33D4C-FB07-455B-84CA-6931C5060CCE}.Release|Any CPU.Build.0 = Release|Any CPU
		{C0BDD762-2DB4-4C86-AE96-E052981568F1}.Debug|Any CPU.ActiveCfg = Debug|Any CPU
		{C0BDD762-2DB4-4C86-AE96-E052981568F1}.Debug|Any CPU.Build.0 = Debug|Any CPU
		{C0BDD762-2DB4-4C86-AE96-E052981568F1}.Release|Any CPU.ActiveCfg = Release|Any CPU
		{C0BDD762-2DB4-4C86-AE96-E052981568F1}.Release|Any CPU.Build.0 = Release|Any CPU
		{0AEEBA20-70F9-4F8E-80FB-7C0E85B88243}.Debug|Any CPU.ActiveCfg = Debug|Any CPU
		{0AEEBA20-70F9-4F8E-80FB-7C0E85B88243}.Debug|Any CPU.Build.0 = Debug|Any CPU
		{0AEEBA20-70F9-4F8E-80FB-7C0E85B88243}.Release|Any CPU.ActiveCfg = Release|Any CPU
		{0AEEBA20-70F9-4F8E-80FB-7C0E85B88243}.Release|Any CPU.Build.0 = Release|Any CPU
		{81115AFE-4A39-49A5-A060-16327310E43F}.Debug|Any CPU.ActiveCfg = Debug|Any CPU
		{81115AFE-4A39-49A5-A060-16327310E43F}.Debug|Any CPU.Build.0 = Debug|Any CPU
		{81115AFE-4A39-49A5-A060-16327310E43F}.Release|Any CPU.ActiveCfg = Release|Any CPU
		{81115AFE-4A39-49A5-A060-16327310E43F}.Release|Any CPU.Build.0 = Release|Any CPU
		{8B37ED7D-280C-4ADD-8F2C-BBCDF3DE710E}.Debug|Any CPU.ActiveCfg = Debug|Any CPU
		{8B37ED7D-280C-4ADD-8F2C-BBCDF3DE710E}.Debug|Any CPU.Build.0 = Debug|Any CPU
		{8B37ED7D-280C-4ADD-8F2C-BBCDF3DE710E}.Release|Any CPU.ActiveCfg = Release|Any CPU
		{8B37ED7D-280C-4ADD-8F2C-BBCDF3DE710E}.Release|Any CPU.Build.0 = Release|Any CPU
		{F1E7252E-5DD4-40A6-9111-F4E8CE5D659E}.Debug|Any CPU.ActiveCfg = Debug|Any CPU
		{F1E7252E-5DD4-40A6-9111-F4E8CE5D659E}.Debug|Any CPU.Build.0 = Debug|Any CPU
		{F1E7252E-5DD4-40A6-9111-F4E8CE5D659E}.Release|Any CPU.ActiveCfg = Release|Any CPU
		{F1E7252E-5DD4-40A6-9111-F4E8CE5D659E}.Release|Any CPU.Build.0 = Release|Any CPU
	EndGlobalSection
	GlobalSection(SolutionProperties) = preSolution
		HideSolutionNode = FALSE
	EndGlobalSection
	GlobalSection(NestedProjects) = preSolution
		{70A4182D-963F-4A9B-8F8B-A093749F9D11} = {8A08A272-C5CC-4E63-9D07-39B40A741EC8}
		{88E09FEA-E650-414A-9EE7-ABB751D5084A} = {8A08A272-C5CC-4E63-9D07-39B40A741EC8}
		{2AD18F68-6158-4A00-92E2-69CEFE52CF3C} = {8A08A272-C5CC-4E63-9D07-39B40A741EC8}
		{7C78F684-5042-4480-B213-1EEE4DCDBC09} = {C7E596D3-94B7-4DF8-B41D-DFF1CBBC1EBD}
		{9DB33D4C-FB07-455B-84CA-6931C5060CCE} = {C7E596D3-94B7-4DF8-B41D-DFF1CBBC1EBD}
		{C0BDD762-2DB4-4C86-AE96-E052981568F1} = {C7E596D3-94B7-4DF8-B41D-DFF1CBBC1EBD}
		{0AEEBA20-70F9-4F8E-80FB-7C0E85B88243} = {3F4E940D-F240-4CB2-B666-A2307745EAB8}
		{81115AFE-4A39-49A5-A060-16327310E43F} = {EC4AD368-0640-469C-87E2-8A1F6D04183F}
		{8B37ED7D-280C-4ADD-8F2C-BBCDF3DE710E} = {CEF08EFD-B78D-4498-816E-75D6BCEB2BCD}
		{F1E7252E-5DD4-40A6-9111-F4E8CE5D659E} = {3F4E940D-F240-4CB2-B666-A2307745EAB8}
	EndGlobalSection
EndGlobal
